// !$*UTF8*$!
{
	archiveVersion = 1;
	classes = {
	};
	objectVersion = 50;
	objects = {

/* Begin PBXBuildFile section */
		0C31F1DA245F2A64005A2F29 /* FreePlay.sks in Resources */ = {isa = PBXBuildFile; fileRef = 0C31F1D9245F2A64005A2F29 /* FreePlay.sks */; };
		0C31F1DC245F2AD5005A2F29 /* FreePlay.swift in Sources */ = {isa = PBXBuildFile; fileRef = 0C31F1DB245F2AD5005A2F29 /* FreePlay.swift */; };
		0C31F207245F6ACA005A2F29 /* InfoButtonViewController.swift in Sources */ = {isa = PBXBuildFile; fileRef = 0C31F206245F6ACA005A2F29 /* InfoButtonViewController.swift */; };
		0C31F209245F6AD5005A2F29 /* InfoButton.storyboard in Resources */ = {isa = PBXBuildFile; fileRef = 0C31F208245F6AD5005A2F29 /* InfoButton.storyboard */; };
		0C48BEE1245D1ACB00A721EC /* AppDelegate.swift in Sources */ = {isa = PBXBuildFile; fileRef = 0C48BEE0245D1ACB00A721EC /* AppDelegate.swift */; };
		0C48BEE3245D1ACB00A721EC /* SceneDelegate.swift in Sources */ = {isa = PBXBuildFile; fileRef = 0C48BEE2245D1ACB00A721EC /* SceneDelegate.swift */; };
		0C48BEE5245D1ACB00A721EC /* HomeViewController.swift in Sources */ = {isa = PBXBuildFile; fileRef = 0C48BEE4245D1ACB00A721EC /* HomeViewController.swift */; };
		0C48BEE8245D1ACB00A721EC /* HomeScreen.storyboard in Resources */ = {isa = PBXBuildFile; fileRef = 0C48BEE6245D1ACB00A721EC /* HomeScreen.storyboard */; };
		0C48BEEA245D1ACC00A721EC /* Assets.xcassets in Resources */ = {isa = PBXBuildFile; fileRef = 0C48BEE9245D1ACC00A721EC /* Assets.xcassets */; };
		0C48BEED245D1ACC00A721EC /* LaunchScreen.storyboard in Resources */ = {isa = PBXBuildFile; fileRef = 0C48BEEB245D1ACC00A721EC /* LaunchScreen.storyboard */; };
		0C830A2E245E3A7000D451FE /* ArchitectsDaughter.ttf in Resources */ = {isa = PBXBuildFile; fileRef = 0C830A2D245E3A7000D451FE /* ArchitectsDaughter.ttf */; };
		0CA32463246891ED00EBA37D /* SceneViewControlller.swift in Sources */ = {isa = PBXBuildFile; fileRef = 0CA32462246891ED00EBA37D /* SceneViewControlller.swift */; };
		0CEFFFF2246B45120044BCD6 /* WeatherViewController.swift in Sources */ = {isa = PBXBuildFile; fileRef = 0CEFFFF1246B45120044BCD6 /* WeatherViewController.swift */; };
		0CEFFFF4246B6E800044BCD6 /* Constants.swift in Sources */ = {isa = PBXBuildFile; fileRef = 0CEFFFF3246B6E800044BCD6 /* Constants.swift */; };
/* End PBXBuildFile section */

/* Begin PBXFileReference section */
		0C31F1D9245F2A64005A2F29 /* FreePlay.sks */ = {isa = PBXFileReference; lastKnownFileType = file.sks; path = FreePlay.sks; sourceTree = "<group>"; };
		0C31F1DB245F2AD5005A2F29 /* FreePlay.swift */ = {isa = PBXFileReference; lastKnownFileType = sourcecode.swift; path = FreePlay.swift; sourceTree = "<group>"; };
		0C31F206245F6ACA005A2F29 /* InfoButtonViewController.swift */ = {isa = PBXFileReference; lastKnownFileType = sourcecode.swift; path = InfoButtonViewController.swift; sourceTree = "<group>"; };
		0C31F208245F6AD5005A2F29 /* InfoButton.storyboard */ = {isa = PBXFileReference; lastKnownFileType = file.storyboard; path = InfoButton.storyboard; sourceTree = "<group>"; };
		0C48BEDD245D1ACB00A721EC /* BalloonAttack.app */ = {isa = PBXFileReference; explicitFileType = wrapper.application; includeInIndex = 0; path = BalloonAttack.app; sourceTree = BUILT_PRODUCTS_DIR; };
		0C48BEE0245D1ACB00A721EC /* AppDelegate.swift */ = {isa = PBXFileReference; lastKnownFileType = sourcecode.swift; path = AppDelegate.swift; sourceTree = "<group>"; };
		0C48BEE2245D1ACB00A721EC /* SceneDelegate.swift */ = {isa = PBXFileReference; lastKnownFileType = sourcecode.swift; path = SceneDelegate.swift; sourceTree = "<group>"; };
		0C48BEE4245D1ACB00A721EC /* HomeViewController.swift */ = {isa = PBXFileReference; lastKnownFileType = sourcecode.swift; path = HomeViewController.swift; sourceTree = "<group>"; };
		0C48BEE7245D1ACB00A721EC /* Base */ = {isa = PBXFileReference; lastKnownFileType = file.storyboard; name = Base; path = Base.lproj/HomeScreen.storyboard; sourceTree = "<group>"; };
		0C48BEE9245D1ACC00A721EC /* Assets.xcassets */ = {isa = PBXFileReference; lastKnownFileType = folder.assetcatalog; path = Assets.xcassets; sourceTree = "<group>"; };
		0C48BEEC245D1ACC00A721EC /* Base */ = {isa = PBXFileReference; lastKnownFileType = file.storyboard; name = Base; path = Base.lproj/LaunchScreen.storyboard; sourceTree = "<group>"; };
		0C48BEEE245D1ACC00A721EC /* Info.plist */ = {isa = PBXFileReference; lastKnownFileType = text.plist.xml; path = Info.plist; sourceTree = "<group>"; };
		0C830A2D245E3A7000D451FE /* ArchitectsDaughter.ttf */ = {isa = PBXFileReference; lastKnownFileType = file; path = ArchitectsDaughter.ttf; sourceTree = "<group>"; };
		0CA32462246891ED00EBA37D /* SceneViewControlller.swift */ = {isa = PBXFileReference; lastKnownFileType = sourcecode.swift; path = SceneViewControlller.swift; sourceTree = "<group>"; };
		0CEFFFF1246B45120044BCD6 /* WeatherViewController.swift */ = {isa = PBXFileReference; lastKnownFileType = sourcecode.swift; path = WeatherViewController.swift; sourceTree = "<group>"; };
		0CEFFFF3246B6E800044BCD6 /* Constants.swift */ = {isa = PBXFileReference; lastKnownFileType = sourcecode.swift; path = Constants.swift; sourceTree = "<group>"; };
/* End PBXFileReference section */

/* Begin PBXFrameworksBuildPhase section */
		0C48BEDA245D1ACB00A721EC /* Frameworks */ = {
			isa = PBXFrameworksBuildPhase;
			buildActionMask = 2147483647;
			files = (
			);
			runOnlyForDeploymentPostprocessing = 0;
		};
/* End PBXFrameworksBuildPhase section */

/* Begin PBXGroup section */
		0C31F1D8245F28BB005A2F29 /* FreePlay */ = {
			isa = PBXGroup;
			children = (
				0C31F1D9245F2A64005A2F29 /* FreePlay.sks */,
				0C31F1DB245F2AD5005A2F29 /* FreePlay.swift */,
			);
			path = FreePlay;
			sourceTree = "<group>";
		};
		0C31F205245F6AB2005A2F29 /* InfoButton */ = {
			isa = PBXGroup;
			children = (
				0C31F206245F6ACA005A2F29 /* InfoButtonViewController.swift */,
				0C31F208245F6AD5005A2F29 /* InfoButton.storyboard */,
			);
			path = InfoButton;
			sourceTree = "<group>";
		};
		0C48BED4245D1ACB00A721EC = {
			isa = PBXGroup;
			children = (
				0C48BEDF245D1ACB00A721EC /* BalloonAttack */,
				0C48BEDE245D1ACB00A721EC /* Products */,
			);
			sourceTree = "<group>";
		};
		0C48BEDE245D1ACB00A721EC /* Products */ = {
			isa = PBXGroup;
			children = (
				0C48BEDD245D1ACB00A721EC /* BalloonAttack.app */,
			);
			name = Products;
			sourceTree = "<group>";
		};
		0C48BEDF245D1ACB00A721EC /* BalloonAttack */ = {
			isa = PBXGroup;
			children = (
				0C31F205245F6AB2005A2F29 /* InfoButton */,
				0C31F1D8245F28BB005A2F29 /* FreePlay */,
				0C830A2F245E470800D451FE /* HomeScreen */,
				0C48BEE2245D1ACB00A721EC /* SceneDelegate.swift */,
				0C830A2D245E3A7000D451FE /* ArchitectsDaughter.ttf */,
				0C48BEE9245D1ACC00A721EC /* Assets.xcassets */,
				0C48BEE0245D1ACB00A721EC /* AppDelegate.swift */,
				0C48BEEB245D1ACC00A721EC /* LaunchScreen.storyboard */,
				0C48BEEE245D1ACC00A721EC /* Info.plist */,
				0CEFFFF3246B6E800044BCD6 /* Constants.swift */,
			);
			path = BalloonAttack;
			sourceTree = "<group>";
		};
		0C830A2F245E470800D451FE /* HomeScreen */ = {
			isa = PBXGroup;
			children = (
				0C48BEE6245D1ACB00A721EC /* HomeScreen.storyboard */,
				0C48BEE4245D1ACB00A721EC /* HomeViewController.swift */,
				0CA32462246891ED00EBA37D /* SceneViewControlller.swift */,
				0CEFFFF1246B45120044BCD6 /* WeatherViewController.swift */,
			);
			path = HomeScreen;
			sourceTree = "<group>";
		};
/* End PBXGroup section */

/* Begin PBXNativeTarget section */
		0C48BEDC245D1ACB00A721EC /* BalloonAttack */ = {
			isa = PBXNativeTarget;
			buildConfigurationList = 0C48BEF1245D1ACC00A721EC /* Build configuration list for PBXNativeTarget "BalloonAttack" */;
			buildPhases = (
				0C48BED9245D1ACB00A721EC /* Sources */,
				0C48BEDA245D1ACB00A721EC /* Frameworks */,
				0C48BEDB245D1ACB00A721EC /* Resources */,
			);
			buildRules = (
			);
			dependencies = (
			);
			name = BalloonAttack;
			productName = BalloonAttack;
			productReference = 0C48BEDD245D1ACB00A721EC /* BalloonAttack.app */;
			productType = "com.apple.product-type.application";
		};
/* End PBXNativeTarget section */

/* Begin PBXProject section */
		0C48BED5245D1ACB00A721EC /* Project object */ = {
			isa = PBXProject;
			attributes = {
				LastSwiftUpdateCheck = 1130;
				LastUpgradeCheck = 1130;
				ORGANIZATIONNAME = "Sami Beig";
				TargetAttributes = {
					0C48BEDC245D1ACB00A721EC = {
						CreatedOnToolsVersion = 11.3.1;
					};
				};
			};
			buildConfigurationList = 0C48BED8245D1ACB00A721EC /* Build configuration list for PBXProject "BalloonAttack" */;
			compatibilityVersion = "Xcode 9.3";
			developmentRegion = en;
			hasScannedForEncodings = 0;
			knownRegions = (
				en,
				Base,
			);
			mainGroup = 0C48BED4245D1ACB00A721EC;
			productRefGroup = 0C48BEDE245D1ACB00A721EC /* Products */;
			projectDirPath = "";
			projectRoot = "";
			targets = (
				0C48BEDC245D1ACB00A721EC /* BalloonAttack */,
			);
		};
/* End PBXProject section */

/* Begin PBXResourcesBuildPhase section */
		0C48BEDB245D1ACB00A721EC /* Resources */ = {
			isa = PBXResourcesBuildPhase;
			buildActionMask = 2147483647;
			files = (
				0C31F209245F6AD5005A2F29 /* InfoButton.storyboard in Resources */,
				0C830A2E245E3A7000D451FE /* ArchitectsDaughter.ttf in Resources */,
				0C48BEED245D1ACC00A721EC /* LaunchScreen.storyboard in Resources */,
				0C31F1DA245F2A64005A2F29 /* FreePlay.sks in Resources */,
				0C48BEEA245D1ACC00A721EC /* Assets.xcassets in Resources */,
				0C48BEE8245D1ACB00A721EC /* HomeScreen.storyboard in Resources */,
			);
			runOnlyForDeploymentPostprocessing = 0;
		};
/* End PBXResourcesBuildPhase section */

/* Begin PBXSourcesBuildPhase section */
		0C48BED9245D1ACB00A721EC /* Sources */ = {
			isa = PBXSourcesBuildPhase;
			buildActionMask = 2147483647;
			files = (
				0C48BEE5245D1ACB00A721EC /* HomeViewController.swift in Sources */,
				0C31F1DC245F2AD5005A2F29 /* FreePlay.swift in Sources */,
				0C48BEE1245D1ACB00A721EC /* AppDelegate.swift in Sources */,
				0C48BEE3245D1ACB00A721EC /* SceneDelegate.swift in Sources */,
				0CEFFFF2246B45120044BCD6 /* WeatherViewController.swift in Sources */,
				0CA32463246891ED00EBA37D /* SceneViewControlller.swift in Sources */,
				0C31F207245F6ACA005A2F29 /* InfoButtonViewController.swift in Sources */,
				0CEFFFF4246B6E800044BCD6 /* Constants.swift in Sources */,
			);
			runOnlyForDeploymentPostprocessing = 0;
		};
/* End PBXSourcesBuildPhase section */

/* Begin PBXVariantGroup section */
		0C48BEE6245D1ACB00A721EC /* HomeScreen.storyboard */ = {
			isa = PBXVariantGroup;
			children = (
				0C48BEE7245D1ACB00A721EC /* Base */,
			);
			name = HomeScreen.storyboard;
			sourceTree = "<group>";
		};
		0C48BEEB245D1ACC00A721EC /* LaunchScreen.storyboard */ = {
			isa = PBXVariantGroup;
			children = (
				0C48BEEC245D1ACC00A721EC /* Base */,
			);
			name = LaunchScreen.storyboard;
			sourceTree = "<group>";
		};
/* End PBXVariantGroup section */

/* Begin XCBuildConfiguration section */
		0C48BEEF245D1ACC00A721EC /* Debug */ = {
			isa = XCBuildConfiguration;
			buildSettings = {
				ALWAYS_SEARCH_USER_PATHS = NO;
				CLANG_ANALYZER_NONNULL = YES;
				CLANG_ANALYZER_NUMBER_OBJECT_CONVERSION = YES_AGGRESSIVE;
				CLANG_CXX_LANGUAGE_STANDARD = "gnu++14";
				CLANG_CXX_LIBRARY = "libc++";
				CLANG_ENABLE_MODULES = YES;
				CLANG_ENABLE_OBJC_ARC = YES;
				CLANG_ENABLE_OBJC_WEAK = YES;
				CLANG_WARN_BLOCK_CAPTURE_AUTORELEASING = YES;
				CLANG_WARN_BOOL_CONVERSION = YES;
				CLANG_WARN_COMMA = YES;
				CLANG_WARN_CONSTANT_CONVERSION = YES;
				CLANG_WARN_DEPRECATED_OBJC_IMPLEMENTATIONS = YES;
				CLANG_WARN_DIRECT_OBJC_ISA_USAGE = YES_ERROR;
				CLANG_WARN_DOCUMENTATION_COMMENTS = YES;
				CLANG_WARN_EMPTY_BODY = YES;
				CLANG_WARN_ENUM_CONVERSION = YES;
				CLANG_WARN_INFINITE_RECURSION = YES;
				CLANG_WARN_INT_CONVERSION = YES;
				CLANG_WARN_NON_LITERAL_NULL_CONVERSION = YES;
				CLANG_WARN_OBJC_IMPLICIT_RETAIN_SELF = YES;
				CLANG_WARN_OBJC_LITERAL_CONVERSION = YES;
				CLANG_WARN_OBJC_ROOT_CLASS = YES_ERROR;
				CLANG_WARN_RANGE_LOOP_ANALYSIS = YES;
				CLANG_WARN_STRICT_PROTOTYPES = YES;
				CLANG_WARN_SUSPICIOUS_MOVE = YES;
				CLANG_WARN_UNGUARDED_AVAILABILITY = YES_AGGRESSIVE;
				CLANG_WARN_UNREACHABLE_CODE = YES;
				CLANG_WARN__DUPLICATE_METHOD_MATCH = YES;
				COPY_PHASE_STRIP = NO;
				DEBUG_INFORMATION_FORMAT = dwarf;
				ENABLE_STRICT_OBJC_MSGSEND = YES;
				ENABLE_TESTABILITY = YES;
				GCC_C_LANGUAGE_STANDARD = gnu11;
				GCC_DYNAMIC_NO_PIC = NO;
				GCC_NO_COMMON_BLOCKS = YES;
				GCC_OPTIMIZATION_LEVEL = 0;
				GCC_PREPROCESSOR_DEFINITIONS = (
					"DEBUG=1",
					"$(inherited)",
				);
				GCC_WARN_64_TO_32_BIT_CONVERSION = YES;
				GCC_WARN_ABOUT_RETURN_TYPE = YES_ERROR;
				GCC_WARN_UNDECLARED_SELECTOR = YES;
				GCC_WARN_UNINITIALIZED_AUTOS = YES_AGGRESSIVE;
				GCC_WARN_UNUSED_FUNCTION = YES;
				GCC_WARN_UNUSED_VARIABLE = YES;
				IPHONEOS_DEPLOYMENT_TARGET = 13.2;
				MTL_ENABLE_DEBUG_INFO = INCLUDE_SOURCE;
				MTL_FAST_MATH = YES;
				ONLY_ACTIVE_ARCH = YES;
				SDKROOT = iphoneos;
				SWIFT_ACTIVE_COMPILATION_CONDITIONS = DEBUG;
				SWIFT_OPTIMIZATION_LEVEL = "-Onone";
			};
			name = Debug;
		};
		0C48BEF0245D1ACC00A721EC /* Release */ = {
			isa = XCBuildConfiguration;
			buildSettings = {
				ALWAYS_SEARCH_USER_PATHS = NO;
				CLANG_ANALYZER_NONNULL = YES;
				CLANG_ANALYZER_NUMBER_OBJECT_CONVERSION = YES_AGGRESSIVE;
				CLANG_CXX_LANGUAGE_STANDARD = "gnu++14";
				CLANG_CXX_LIBRARY = "libc++";
				CLANG_ENABLE_MODULES = YES;
				CLANG_ENABLE_OBJC_ARC = YES;
				CLANG_ENABLE_OBJC_WEAK = YES;
				CLANG_WARN_BLOCK_CAPTURE_AUTORELEASING = YES;
				CLANG_WARN_BOOL_CONVERSION = YES;
				CLANG_WARN_COMMA = YES;
				CLANG_WARN_CONSTANT_CONVERSION = YES;
				CLANG_WARN_DEPRECATED_OBJC_IMPLEMENTATIONS = YES;
				CLANG_WARN_DIRECT_OBJC_ISA_USAGE = YES_ERROR;
				CLANG_WARN_DOCUMENTATION_COMMENTS = YES;
				CLANG_WARN_EMPTY_BODY = YES;
				CLANG_WARN_ENUM_CONVERSION = YES;
				CLANG_WARN_INFINITE_RECURSION = YES;
				CLANG_WARN_INT_CONVERSION = YES;
				CLANG_WARN_NON_LITERAL_NULL_CONVERSION = YES;
				CLANG_WARN_OBJC_IMPLICIT_RETAIN_SELF = YES;
				CLANG_WARN_OBJC_LITERAL_CONVERSION = YES;
				CLANG_WARN_OBJC_ROOT_CLASS = YES_ERROR;
				CLANG_WARN_RANGE_LOOP_ANALYSIS = YES;
				CLANG_WARN_STRICT_PROTOTYPES = YES;
				CLANG_WARN_SUSPICIOUS_MOVE = YES;
				CLANG_WARN_UNGUARDED_AVAILABILITY = YES_AGGRESSIVE;
				CLANG_WARN_UNREACHABLE_CODE = YES;
				CLANG_WARN__DUPLICATE_METHOD_MATCH = YES;
				COPY_PHASE_STRIP = NO;
				DEBUG_INFORMATION_FORMAT = "dwarf-with-dsym";
				ENABLE_NS_ASSERTIONS = NO;
				ENABLE_STRICT_OBJC_MSGSEND = YES;
				GCC_C_LANGUAGE_STANDARD = gnu11;
				GCC_NO_COMMON_BLOCKS = YES;
				GCC_WARN_64_TO_32_BIT_CONVERSION = YES;
				GCC_WARN_ABOUT_RETURN_TYPE = YES_ERROR;
				GCC_WARN_UNDECLARED_SELECTOR = YES;
				GCC_WARN_UNINITIALIZED_AUTOS = YES_AGGRESSIVE;
				GCC_WARN_UNUSED_FUNCTION = YES;
				GCC_WARN_UNUSED_VARIABLE = YES;
				IPHONEOS_DEPLOYMENT_TARGET = 13.2;
				MTL_ENABLE_DEBUG_INFO = NO;
				MTL_FAST_MATH = YES;
				SDKROOT = iphoneos;
				SWIFT_COMPILATION_MODE = wholemodule;
				SWIFT_OPTIMIZATION_LEVEL = "-O";
				VALIDATE_PRODUCT = YES;
			};
			name = Release;
		};
		0C48BEF2245D1ACC00A721EC /* Debug */ = {
			isa = XCBuildConfiguration;
			buildSettings = {
				ASSETCATALOG_COMPILER_APPICON_NAME = AppIcon;
				CODE_SIGN_STYLE = Automatic;
				INFOPLIST_FILE = BalloonAttack/Info.plist;
				LD_RUNPATH_SEARCH_PATHS = (
					"$(inherited)",
					"@executable_path/Frameworks",
				);
				PRODUCT_BUNDLE_IDENTIFIER = iosApp.BalloonAttack;
				PRODUCT_NAME = "$(TARGET_NAME)";
				SWIFT_VERSION = 5.0;
				TARGETED_DEVICE_FAMILY = "1,2";
			};
			name = Debug;
		};
		0C48BEF3245D1ACC00A721EC /* Release */ = {
			isa = XCBuildConfiguration;
			buildSettings = {
				ASSETCATALOG_COMPILER_APPICON_NAME = AppIcon;
				CODE_SIGN_STYLE = Automatic;
				INFOPLIST_FILE = BalloonAttack/Info.plist;
				LD_RUNPATH_SEARCH_PATHS = (
					"$(inherited)",
					"@executable_path/Frameworks",
				);
				PRODUCT_BUNDLE_IDENTIFIER = iosApp.BalloonAttack;
				PRODUCT_NAME = "$(TARGET_NAME)";
				SWIFT_VERSION = 5.0;
				TARGETED_DEVICE_FAMILY = "1,2";
			};
			name = Release;
		};
/* End XCBuildConfiguration section */

/* Begin XCConfigurationList section */
		0C48BED8245D1ACB00A721EC /* Build configuration list for PBXProject "BalloonAttack" */ = {
			isa = XCConfigurationList;
			buildConfigurations = (
				0C48BEEF245D1ACC00A721EC /* Debug */,
				0C48BEF0245D1ACC00A721EC /* Release */,
			);
			defaultConfigurationIsVisible = 0;
			defaultConfigurationName = Release;
		};
		0C48BEF1245D1ACC00A721EC /* Build configuration list for PBXNativeTarget "BalloonAttack" */ = {
			isa = XCConfigurationList;
			buildConfigurations = (
				0C48BEF2245D1ACC00A721EC /* Debug */,
				0C48BEF3245D1ACC00A721EC /* Release */,
			);
			defaultConfigurationIsVisible = 0;
			defaultConfigurationName = Release;
		};
/* End XCConfigurationList section */
	};
	rootObject = 0C48BED5245D1ACB00A721EC /* Project object */;
}
